<?xml version="1.0" encoding="utf-8"?>
<Project ToolsVersion="4.0" xmlns="http://schemas.microsoft.com/developer/msbuild/2003">
  <ItemGroup>
    <Filter Include="App">
      <UniqueIdentifier>{b3134a98-63b9-4e8c-a751-361329db6a1e}</UniqueIdentifier>
    </Filter>
    <Filter Include="GameEngine">
      <UniqueIdentifier>{b0f282ec-0b51-442e-856b-6a23202d2949}</UniqueIdentifier>
    </Filter>
    <Filter Include="GameEngine\GraphicsEngine">
      <UniqueIdentifier>{c5af6709-ee9a-4a73-a47a-7d5f21a00cd7}</UniqueIdentifier>
    </Filter>
    <Filter Include="GameEngine\GraphicsEngine\SwapChain">
      <UniqueIdentifier>{c58a2355-12c7-4692-a59e-9cc5d9da5556}</UniqueIdentifier>
    </Filter>
    <Filter Include="GameEngine\GraphicsEngine\DeviceContext">
      <UniqueIdentifier>{98ed0eae-bba0-4991-b905-15cc31f59621}</UniqueIdentifier>
    </Filter>
    <Filter Include="GameEngine\GraphicsEngine\VertexBuffer">
      <UniqueIdentifier>{b7789b4a-de49-44f4-b342-a0935d7617e8}</UniqueIdentifier>
    </Filter>
    <Filter Include="GameEngine\GraphicsEngine\Objects">
      <UniqueIdentifier>{99e2ef68-b7c0-4f12-a1d4-f8265846cd67}</UniqueIdentifier>
    </Filter>
    <Filter Include="GameEngine\GraphicsEngine\Objects\Quads">
      <UniqueIdentifier>{08200c9c-edd9-4b20-b15b-1d0744f037d0}</UniqueIdentifier>
    </Filter>
    <Filter Include="GameEngine\GraphicsEngine\ConstantBuffer">
      <UniqueIdentifier>{a127884b-25e4-449f-ad47-f4713d96ecab}</UniqueIdentifier>
    </Filter>
    <Filter Include="GameEngine\GraphicsEngine\PixelShader">
      <UniqueIdentifier>{5a8c1c34-de03-4266-9ba4-c32ecc25652c}</UniqueIdentifier>
    </Filter>
    <Filter Include="GameEngine\GraphicsEngine\VertexShader">
      <UniqueIdentifier>{997659c3-9beb-4e5c-aa76-c0419216d016}</UniqueIdentifier>
    </Filter>
    <Filter Include="App\WindowingSystem">
      <UniqueIdentifier>{c7e0416a-1e34-4f06-9edc-552ba174fe34}</UniqueIdentifier>
    </Filter>
    <Filter Include="App\ApplicationWindow">
      <UniqueIdentifier>{48e6efe8-e1b4-45b0-909b-af5e266d69ba}</UniqueIdentifier>
    </Filter>
    <Filter Include="GameEngine\EngineTime">
      <UniqueIdentifier>{a70e32f1-3e61-442e-be69-b6daa668462f}</UniqueIdentifier>
    </Filter>
    <Filter Include="GameEngine\GameObject">
      <UniqueIdentifier>{6ef22b31-4cc5-42e0-8c23-fa4fea9f257a}</UniqueIdentifier>
    </Filter>
    <Filter Include="GameEngine\GameObject\CubeObject">
      <UniqueIdentifier>{f1a4c599-0e09-4be8-a291-760560237655}</UniqueIdentifier>
    </Filter>
    <Filter Include="GameEngine\Math">
      <UniqueIdentifier>{47ebe737-c319-40b2-a037-f09c4c8866ee}</UniqueIdentifier>
    </Filter>
    <Filter Include="GameEngine\GraphicsEngine\IndexBuffer">
      <UniqueIdentifier>{d9cf2152-7e95-42d9-a077-694656963c65}</UniqueIdentifier>
    </Filter>
    <Filter Include="Legacy">
      <UniqueIdentifier>{3082b8da-7aff-406f-9413-29ba8755a5b8}</UniqueIdentifier>
    </Filter>
    <Filter Include="GameEngine\InputSystem">
      <UniqueIdentifier>{5982b204-4a2b-4c1a-bbfc-d923754030da}</UniqueIdentifier>
    </Filter>
    <Filter Include="GameEngine\GameObject\MeshObject">
      <UniqueIdentifier>{b4bd94e1-cbca-49a6-af2d-b5d95fe7ad06}</UniqueIdentifier>
    </Filter>
    <Filter Include="Imgui">
      <UniqueIdentifier>{d044e93a-d12c-4bf4-8d33-34d6468913d5}</UniqueIdentifier>
    </Filter>
  </ItemGroup>
  <ItemGroup>
    <ClCompile Include="main.cpp">
      <Filter>App</Filter>
    </ClCompile>
    <ClCompile Include="window.cpp">
      <Filter>App\WindowingSystem</Filter>
    </ClCompile>
    <ClCompile Include="graphicsEngine.cpp">
      <Filter>GameEngine\GraphicsEngine</Filter>
    </ClCompile>
    <ClCompile Include="swapChain.cpp">
      <Filter>GameEngine\GraphicsEngine\SwapChain</Filter>
    </ClCompile>
    <ClCompile Include="deviceContext.cpp">
      <Filter>GameEngine\GraphicsEngine\DeviceContext</Filter>
    </ClCompile>
    <ClCompile Include="vertexBuffer.cpp">
      <Filter>GameEngine\GraphicsEngine\VertexBuffer</Filter>
    </ClCompile>
    <ClCompile Include="constantBuffer.cpp">
      <Filter>GameEngine\GraphicsEngine\ConstantBuffer</Filter>
    </ClCompile>
    <ClCompile Include="pixelShader.cpp">
      <Filter>GameEngine\GraphicsEngine\PixelShader</Filter>
    </ClCompile>
    <ClCompile Include="vertexShader.cpp">
      <Filter>GameEngine\GraphicsEngine\VertexShader</Filter>
    </ClCompile>
    <ClCompile Include="appWindow.cpp">
      <Filter>App\ApplicationWindow</Filter>
    </ClCompile>
    <ClCompile Include="engineTime.cpp">
      <Filter>GameEngine\EngineTime</Filter>
    </ClCompile>
    <ClCompile Include="gameObject.cpp">
      <Filter>GameEngine\GameObject</Filter>
    </ClCompile>
    <ClCompile Include="cubeObject.cpp">
      <Filter>GameEngine\GameObject\CubeObject</Filter>
    </ClCompile>
    <ClCompile Include="indexBuffer.cpp">
      <Filter>GameEngine\GraphicsEngine\IndexBuffer</Filter>
    </ClCompile>
    <ClCompile Include="quadObject.cpp">
      <Filter>Legacy</Filter>
    </ClCompile>
    <ClCompile Include="inputSystem.cpp">
      <Filter>GameEngine\InputSystem</Filter>
    </ClCompile>
    <ClCompile Include="meshObject.cpp">
      <Filter>GameEngine\GameObject\MeshObject</Filter>
    </ClCompile>
    <ClCompile Include="UIScreenAbstract.cpp" />
    <ClCompile Include="UIManager.cpp" />
    <ClCompile Include="Imgui\imgui.cpp">
      <Filter>Imgui</Filter>
    </ClCompile>
    <ClCompile Include="Imgui\imgui_demo.cpp">
      <Filter>Imgui</Filter>
    </ClCompile>
    <ClCompile Include="Imgui\imgui_draw.cpp">
      <Filter>Imgui</Filter>
    </ClCompile>
    <ClCompile Include="Imgui\imgui_impl_dx11.cpp">
      <Filter>Imgui</Filter>
    </ClCompile>
    <ClCompile Include="Imgui\imgui_impl_win32.cpp">
      <Filter>Imgui</Filter>
    </ClCompile>
    <ClCompile Include="Imgui\imgui_tables.cpp">
      <Filter>Imgui</Filter>
    </ClCompile>
    <ClCompile Include="Imgui\imgui_widgets.cpp">
      <Filter>Imgui</Filter>
    </ClCompile>
  </ItemGroup>
  <ItemGroup>
    <ClInclude Include="window.h">
      <Filter>App\WindowingSystem</Filter>
    </ClInclude>
    <ClInclude Include="graphicsEngine.h">
      <Filter>GameEngine\GraphicsEngine</Filter>
    </ClInclude>
    <ClInclude Include="swapChain.h">
      <Filter>GameEngine\GraphicsEngine\SwapChain</Filter>
    </ClInclude>
    <ClInclude Include="deviceContext.h">
      <Filter>GameEngine\GraphicsEngine\DeviceContext</Filter>
    </ClInclude>
    <ClInclude Include="vertexBuffer.h">
      <Filter>GameEngine\GraphicsEngine\VertexBuffer</Filter>
    </ClInclude>
    <ClInclude Include="constantBuffer.h">
      <Filter>GameEngine\GraphicsEngine\ConstantBuffer</Filter>
    </ClInclude>
    <ClInclude Include="pixelShader.h">
      <Filter>GameEngine\GraphicsEngine\PixelShader</Filter>
    </ClInclude>
    <ClInclude Include="vertexShader.h">
      <Filter>GameEngine\GraphicsEngine\VertexShader</Filter>
    </ClInclude>
    <ClInclude Include="appWindow.h">
      <Filter>App\ApplicationWindow</Filter>
    </ClInclude>
    <ClInclude Include="engineTime.h">
      <Filter>GameEngine\EngineTime</Filter>
    </ClInclude>
    <ClInclude Include="gameObject.h">
      <Filter>GameEngine\GameObject</Filter>
    </ClInclude>
    <ClInclude Include="cubeObject.h">
      <Filter>GameEngine\GameObject\CubeObject</Filter>
    </ClInclude>
    <ClInclude Include="mathUtils.h">
      <Filter>GameEngine\Math</Filter>
    </ClInclude>
    <ClInclude Include="matrix4x4.h">
      <Filter>GameEngine\Math</Filter>
    </ClInclude>
    <ClInclude Include="vector3.h">
      <Filter>GameEngine\Math</Filter>
    </ClInclude>
    <ClInclude Include="indexBuffer.h">
      <Filter>GameEngine\GraphicsEngine\IndexBuffer</Filter>
    </ClInclude>
    <ClInclude Include="vector4.h">
      <Filter>GameEngine\Math</Filter>
    </ClInclude>
    <ClInclude Include="quadObject.h">
      <Filter>Legacy</Filter>
    </ClInclude>
    <ClInclude Include="inputListener.h">
      <Filter>GameEngine\InputSystem</Filter>
    </ClInclude>
    <ClInclude Include="inputSystem.h">
      <Filter>GameEngine\InputSystem</Filter>
    </ClInclude>
    <ClInclude Include="meshObject.h">
      <Filter>GameEngine\GameObject\MeshObject</Filter>
    </ClInclude>
    <ClInclude Include="point.h">
      <Filter>GameEngine\Math</Filter>
    </ClInclude>
    <ClInclude Include="tiny_obj_loader.h" />
    <ClInclude Include="UIScreenAbstract.h" />
    <ClInclude Include="UIManager.h" />
    <ClInclude Include="Imgui\imconfig.h">
      <Filter>Imgui</Filter>
    </ClInclude>
    <ClInclude Include="Imgui\imgui.h">
      <Filter>Imgui</Filter>
    </ClInclude>
    <ClInclude Include="Imgui\imgui_impl_dx11.h">
      <Filter>Imgui</Filter>
    </ClInclude>
    <ClInclude Include="Imgui\imgui_impl_win32.h">
      <Filter>Imgui</Filter>
    </ClInclude>
    <ClInclude Include="Imgui\imgui_internal.h">
      <Filter>Imgui</Filter>
    </ClInclude>
    <ClInclude Include="Imgui\imstb_rectpack.h">
      <Filter>Imgui</Filter>
    </ClInclude>
    <ClInclude Include="Imgui\imstb_textedit.h">
      <Filter>Imgui</Filter>
    </ClInclude>
    <ClInclude Include="Imgui\imstb_truetype.h">
      <Filter>Imgui</Filter>
    </ClInclude>
  </ItemGroup>
  <ItemGroup>
    <FxCompile Include="pixelShader.hlsl" />
    <FxCompile Include="vertexShader.hlsl" />
  </ItemGroup>
</Project>